
Microsoft Visual Studio Solution File, Format Version 12.00
# Visual Studio Version 17
VisualStudioVersion = 17.10.35122.118
MinimumVisualStudioVersion = 10.0.40219.1
Project("{FAE04EC0-301F-11D3-BF4B-00C04F79EFBC}") = "HW23", "HW23\HW23.csproj", "{BC985402-3E7B-434B-A52E-0A3EBFE25C17}"
EndProject
Global
	GlobalSection(SolutionConfigurationPlatforms) = preSolution
		Debug|Any CPU = Debug|Any CPU
		Release|Any CPU = Release|Any CPU
	EndGlobalSection
	GlobalSection(ProjectConfigurationPlatforms) = postSolution
		{BC985402-3E7B-434B-A52E-0A3EBFE25C17}.Debug|Any CPU.ActiveCfg = Debug|Any CPU
		{BC985402-3E7B-434B-A52E-0A3EBFE25C17}.Debug|Any CPU.Build.0 = Debug|Any CPU
		{BC985402-3E7B-434B-A52E-0A3EBFE25C17}.Release|Any CPU.ActiveCfg = Release|Any CPU
		{BC985402-3E7B-434B-A52E-0A3EBFE25C17}.Release|Any CPU.Build.0 = Release|Any CPU
	EndGlobalSection
	GlobalSection(SolutionProperties) = preSolution
		HideSolutionNode = FALSE
	EndGlobalSection
	GlobalSection(ExtensibilityGlobals) = postSolution
		SolutionGuid = {CAD48A33-1285-450D-AC54-B9134287CCF4}
	EndGlobalSection
EndGlobal
